
Microsoft Visual Studio Solution File, Format Version 12.00
# Visual Studio Version 17
VisualStudioVersion = 17.14.36414.22 d17.14
MinimumVisualStudioVersion = 10.0.40219.1
Project("{FAE04EC0-301F-11D3-BF4B-00C04F79EFBC}") = "Superchef", "Superchef\Superchef.csproj", "{B6680213-3EC6-4B61-8D7F-249C505E5FAA}"
EndProject
Global
	GlobalSection(SolutionConfigurationPlatforms) = preSolution
		Debug|Any CPU = Debug|Any CPU
		Release|Any CPU = Release|Any CPU
	EndGlobalSection
	GlobalSection(ProjectConfigurationPlatforms) = postSolution
		{B6680213-3EC6-4B61-8D7F-249C505E5FAA}.Debug|Any CPU.ActiveCfg = Debug|Any CPU
		{B6680213-3EC6-4B61-8D7F-249C505E5FAA}.Debug|Any CPU.Build.0 = Debug|Any CPU
		{B6680213-3EC6-4B61-8D7F-249C505E5FAA}.Release|Any CPU.ActiveCfg = Release|Any CPU
		{B6680213-3EC6-4B61-8D7F-249C505E5FAA}.Release|Any CPU.Build.0 = Release|Any CPU
	EndGlobalSection
	GlobalSection(SolutionProperties) = preSolution
		HideSolutionNode = FALSE
	EndGlobalSection
	GlobalSection(ExtensibilityGlobals) = postSolution
		SolutionGuid = {323EA402-8C3E-4204-884F-9A5C7B569143}
	EndGlobalSection
EndGlobal
